
Microsoft Visual Studio Solution File, Format Version 12.00
Project("{FAE04EC0-301F-11D3-BF4B-00C04F79EFBC}") = "template", "template\template.csproj", "{A255B5E9-5295-48CE-822A-79FCB69DA2EA}"
EndProject
Global
	GlobalSection(SolutionConfigurationPlatforms) = preSolution
		Debug|Any CPU = Debug|Any CPU
		Release|Any CPU = Release|Any CPU
	EndGlobalSection
	GlobalSection(ProjectConfigurationPlatforms) = postSolution
		{A255B5E9-5295-48CE-822A-79FCB69DA2EA}.Debug|Any CPU.ActiveCfg = Debug|Any CPU
		{A255B5E9-5295-48CE-822A-79FCB69DA2EA}.Debug|Any CPU.Build.0 = Debug|Any CPU
		{A255B5E9-5295-48CE-822A-79FCB69DA2EA}.Release|Any CPU.ActiveCfg = Release|Any CPU
		{A255B5E9-5295-48CE-822A-79FCB69DA2EA}.Release|Any CPU.Build.0 = Release|Any CPU
	EndGlobalSection
EndGlobal
